{
  "name": "page-transition",
  "version": "1.0.0",
  "lockfileVersion": 1,
  "requires": true,
  "dependencies": {
    "@dogstudio/highway": {
      "version": "github:dogstudio/highway#fb6102881878f8ccd88784451f523c8a94193f39",
      "from": "github:dogstudio/highway",
      "requires": {
        "tiny-emitter": "^2.1.0"
      }
    },
    "gsap": {
      "version": "3.6.0",
      "resolved": "https://registry.npmjs.org/gsap/-/gsap-3.6.0.tgz",
      "integrity": "sha512-0P3syv1TmYr+A/VZ8UMFzw+s0XoaKSzzDFs8NqkXiJTXI4E/VTi0zRjPgxaPBpiUPPycgRnFjLDe0Tb4dRRf+w=="
    },
    "tiny-emitter": {
      "version": "2.1.0",
      "resolved": "https://registry.npmjs.org/tiny-emitter/-/tiny-emitter-2.1.0.tgz",
      "integrity": "sha512-NB6Dk1A9xgQPMoGqC5CVXn123gWyte215ONT5Pp5a0yt4nlEoO1ZWeCwpncaekPHXO60i47ihFnZPiRPjRMq4Q=="
    }
  }
}
